
Microsoft Visual Studio Solution File, Format Version 12.00
# Visual Studio Version 17
VisualStudioVersion = 17.4.33122.133
MinimumVisualStudioVersion = 10.0.40219.1
Project("{FAE04EC0-301F-11D3-BF4B-00C04F79EFBC}") = "Generics", "Generics\Generics.csproj", "{02442323-E7BD-4C0F-A2D4-4E10DB035314}"
EndProject
Global
	GlobalSection(SolutionConfigurationPlatforms) = preSolution
		Debug|Any CPU = Debug|Any CPU
		Release|Any CPU = Release|Any CPU
	EndGlobalSection
	GlobalSection(ProjectConfigurationPlatforms) = postSolution
		{02442323-E7BD-4C0F-A2D4-4E10DB035314}.Debug|Any CPU.ActiveCfg = Debug|Any CPU
		{02442323-E7BD-4C0F-A2D4-4E10DB035314}.Debug|Any CPU.Build.0 = Debug|Any CPU
		{02442323-E7BD-4C0F-A2D4-4E10DB035314}.Release|Any CPU.ActiveCfg = Release|Any CPU
		{02442323-E7BD-4C0F-A2D4-4E10DB035314}.Release|Any CPU.Build.0 = Release|Any CPU
	EndGlobalSection
	GlobalSection(SolutionProperties) = preSolution
		HideSolutionNode = FALSE
	EndGlobalSection
	GlobalSection(ExtensibilityGlobals) = postSolution
		SolutionGuid = {FBF402B4-5603-4401-BD9A-FDAD50357F40}
	EndGlobalSection
EndGlobal
